{
  "name": "mapper",
  "lockfileVersion": 3,
  "requires": true,
  "packages": {
    "": {
      "name": "mapper",
      "dependencies": {
        "d3-geo": "^3.1.0",
        "shapefile": "^0.6.6",
        "yaml": "^2.3.2",
        "yauzl-promise": "^4.0.0"
      }
    },
    "node_modules/@babel/runtime": {
      "version": "7.27.1",
      "resolved": "https://registry.npmjs.org/@babel/runtime/-/runtime-7.27.1.tgz",
      "integrity": "sha512-1x3D2xEk2fRo3PAhwQwu5UubzgiVWSXTBfWpVd2Mx2AzRqJuDJCsgaDVZ7HB5iGzDW1Hl1sWN2mFyKjmR9uAog==",
      "license": "MIT",
      "engines": {
        "node": ">=6.9.0"
      }
    },
    "node_modules/@emnapi/core": {
      "version": "1.4.3",
      "resolved": "https://registry.npmjs.org/@emnapi/core/-/core-1.4.3.tgz",
      "integrity": "sha512-4m62DuCE07lw01soJwPiBGC0nAww0Q+RY70VZ+n49yDIO13yyinhbWCeNnaob0lakDtWQzSdtNWzJeOJt2ma+g==",
      "license": "MIT",
      "optional": true,
      "dependencies": {
        "@emnapi/wasi-threads": "1.0.2",
        "tslib": "^2.4.0"
      }
    },
    "node_modules/@emnapi/runtime": {
      "version": "1.4.3",
      "resolved": "https://registry.npmjs.org/@emnapi/runtime/-/runtime-1.4.3.tgz",
      "integrity": "sha512-pBPWdu6MLKROBX05wSNKcNb++m5Er+KQ9QkB+WVM+pW2Kx9hoSrVTnu3BdkI5eBLZoKu/J6mW/B6i6bJB2ytXQ==",
      "license": "MIT",
      "optional": true,
      "dependencies": {
        "tslib": "^2.4.0"
      }
    },
    "node_modules/@emnapi/wasi-threads": {
      "version": "1.0.2",
      "resolved": "https://registry.npmjs.org/@emnapi/wasi-threads/-/wasi-threads-1.0.2.tgz",
      "integrity": "sha512-5n3nTJblwRi8LlXkJ9eBzu+kZR8Yxcc7ubakyQTFzPMtIhFpUBRbsnc2Dv88IZDIbCDlBiWrknhB4Lsz7mg6BA==",
      "license": "MIT",
      "optional": true,
      "dependencies": {
        "tslib": "^2.4.0"
      }
    },
    "node_modules/@napi-rs/wasm-runtime": {
      "version": "0.2.9",
      "resolved": "https://registry.npmjs.org/@napi-rs/wasm-runtime/-/wasm-runtime-0.2.9.tgz",
      "integrity": "sha512-OKRBiajrrxB9ATokgEQoG87Z25c67pCpYcCwmXYX8PBftC9pBfN18gnm/fh1wurSLEKIAt+QRFLFCQISrb66Jg==",
      "license": "MIT",
      "optional": true,
      "dependencies": {
        "@emnapi/core": "^1.4.0",
        "@emnapi/runtime": "^1.4.0",
        "@tybys/wasm-util": "^0.9.0"
      }
    },
    "node_modules/@node-rs/crc32": {
      "version": "1.10.6",
      "resolved": "https://registry.npmjs.org/@node-rs/crc32/-/crc32-1.10.6.tgz",
      "integrity": "sha512-+llXfqt+UzgoDzT9of5vPQPGqTAVCohU74I9zIBkNo5TH6s2P31DFJOGsJQKN207f0GHnYv5pV3wh3BCY/un/A==",
      "license": "MIT",
      "engines": {
        "node": ">= 10"
      },
      "funding": {
        "type": "github",
        "url": "https://github.com/sponsors/Brooooooklyn"
      },
      "optionalDependencies": {
        "@node-rs/crc32-android-arm-eabi": "1.10.6",
        "@node-rs/crc32-android-arm64": "1.10.6",
        "@node-rs/crc32-darwin-arm64": "1.10.6",
        "@node-rs/crc32-darwin-x64": "1.10.6",
        "@node-rs/crc32-freebsd-x64": "1.10.6",
        "@node-rs/crc32-linux-arm-gnueabihf": "1.10.6",
        "@node-rs/crc32-linux-arm64-gnu": "1.10.6",
        "@node-rs/crc32-linux-arm64-musl": "1.10.6",
        "@node-rs/crc32-linux-x64-gnu": "1.10.6",
        "@node-rs/crc32-linux-x64-musl": "1.10.6",
        "@node-rs/crc32-wasm32-wasi": "1.10.6",
        "@node-rs/crc32-win32-arm64-msvc": "1.10.6",
        "@node-rs/crc32-win32-ia32-msvc": "1.10.6",
        "@node-rs/crc32-win32-x64-msvc": "1.10.6"
      }
    },
    "node_modules/@node-rs/crc32-android-arm-eabi": {
      "version": "1.10.6",
      "resolved": "https://registry.npmjs.org/@node-rs/crc32-android-arm-eabi/-/crc32-android-arm-eabi-1.10.6.tgz",
      "integrity": "sha512-vZAMuJXm3TpWPOkkhxdrofWDv+Q+I2oO7ucLRbXyAPmXFNDhHtBxbO1rk9Qzz+M3eep8ieS4/+jCL1Q0zacNMQ==",
      "cpu": [
        "arm"
      ],
      "license": "MIT",
      "optional": true,
      "os": [
        "android"
      ],
      "engines": {
        "node": ">= 10"
      }
    },
    "node_modules/@node-rs/crc32-android-arm64": {
      "version": "1.10.6",
      "resolved": "https://registry.npmjs.org/@node-rs/crc32-android-arm64/-/crc32-android-arm64-1.10.6.tgz",
      "integrity": "sha512-Vl/JbjCinCw/H9gEpZveWCMjxjcEChDcDBM8S4hKay5yyoRCUHJPuKr4sjVDBeOm+1nwU3oOm6Ca8dyblwp4/w==",
      "cpu": [
        "arm64"
      ],
      "license": "MIT",
      "optional": true,
      "os": [
        "android"
      ],
      "engines": {
        "node": ">= 10"
      }
    },
    "node_modules/@node-rs/crc32-darwin-arm64": {
      "version": "1.10.6",
      "resolved": "https://registry.npmjs.org/@node-rs/crc32-darwin-arm64/-/crc32-darwin-arm64-1.10.6.tgz",
      "integrity": "sha512-kARYANp5GnmsQiViA5Qu74weYQ3phOHSYQf0G+U5wB3NB5JmBHnZcOc46Ig21tTypWtdv7u63TaltJQE41noyg==",
      "cpu": [
        "arm64"
      ],
      "license": "MIT",
      "optional": true,
      "os": [
        "darwin"
      ],
      "engines": {
        "node": ">= 10"
      }
    },
    "node_modules/@node-rs/crc32-darwin-x64": {
      "version": "1.10.6",
      "resolved": "https://registry.npmjs.org/@node-rs/crc32-darwin-x64/-/crc32-darwin-x64-1.10.6.tgz",
      "integrity": "sha512-Q99bevJVMfLTISpkpKBlXgtPUItrvTWKFyiqoKH5IvscZmLV++NH4V13Pa17GTBmv9n18OwzgQY4/SRq6PQNVA==",
      "cpu": [
        "x64"
      ],
      "license": "MIT",
      "optional": true,
      "os": [
        "darwin"
      ],
      "engines": {
        "node": ">= 10"
      }
    },
    "node_modules/@node-rs/crc32-freebsd-x64": {
      "version": "1.10.6",
      "resolved": "https://registry.npmjs.org/@node-rs/crc32-freebsd-x64/-/crc32-freebsd-x64-1.10.6.tgz",
      "integrity": "sha512-66hpawbNjrgnS9EDMErta/lpaqOMrL6a6ee+nlI2viduVOmRZWm9Rg9XdGTK/+c4bQLdtC6jOd+Kp4EyGRYkAg==",
      "cpu": [
        "x64"
      ],
      "license": "MIT",
      "optional": true,
      "os": [
        "freebsd"
      ],
      "engines": {
        "node": ">= 10"
      }
    },
    "node_modules/@node-rs/crc32-linux-arm-gnueabihf": {
      "version": "1.10.6",
      "resolved": "https://registry.npmjs.org/@node-rs/crc32-linux-arm-gnueabihf/-/crc32-linux-arm-gnueabihf-1.10.6.tgz",
      "integrity": "sha512-E8Z0WChH7X6ankbVm8J/Yym19Cq3otx6l4NFPS6JW/cWdjv7iw+Sps2huSug+TBprjbcEA+s4TvEwfDI1KScjg==",
      "cpu": [
        "arm"
      ],
      "license": "MIT",
      "optional": true,
      "os": [
        "linux"
      ],
      "engines": {
        "node": ">= 10"
      }
    },
    "node_modules/@node-rs/crc32-linux-arm64-gnu": {
      "version": "1.10.6",
      "resolved": "https://registry.npmjs.org/@node-rs/crc32-linux-arm64-gnu/-/crc32-linux-arm64-gnu-1.10.6.tgz",
      "integrity": "sha512-LmWcfDbqAvypX0bQjQVPmQGazh4dLiVklkgHxpV4P0TcQ1DT86H/SWpMBMs/ncF8DGuCQ05cNyMv1iddUDugoQ==",
      "cpu": [
        "arm64"
      ],
      "license": "MIT",
      "optional": true,
      "os": [
        "linux"
      ],
      "engines": {
        "node": ">= 10"
      }
    },
    "node_modules/@node-rs/crc32-linux-arm64-musl": {
      "version": "1.10.6",
      "resolved": "https://registry.npmjs.org/@node-rs/crc32-linux-arm64-musl/-/crc32-linux-arm64-musl-1.10.6.tgz",
      "integrity": "sha512-k8ra/bmg0hwRrIEE8JL1p32WfaN9gDlUUpQRWsbxd1WhjqvXea7kKO6K4DwVxyxlPhBS9Gkb5Urq7Y4mXANzaw==",
      "cpu": [
        "arm64"
      ],
      "license": "MIT",
      "optional": true,
      "os": [
        "linux"
      ],
      "engines": {
        "node": ">= 10"
      }
    },
    "node_modules/@node-rs/crc32-linux-x64-gnu": {
      "version": "1.10.6",
      "resolved": "https://registry.npmjs.org/@node-rs/crc32-linux-x64-gnu/-/crc32-linux-x64-gnu-1.10.6.tgz",
      "integrity": "sha512-IfjtqcuFK7JrSZ9mlAFhb83xgium30PguvRjIMI45C3FJwu18bnLk1oR619IYb/zetQT82MObgmqfKOtgemEKw==",
      "cpu": [
        "x64"
      ],
      "license": "MIT",
      "optional": true,
      "os": [
        "linux"
      ],
      "engines": {
        "node": ">= 10"
      }
    },
    "node_modules/@node-rs/crc32-linux-x64-musl": {
      "version": "1.10.6",
      "resolved": "https://registry.npmjs.org/@node-rs/crc32-linux-x64-musl/-/crc32-linux-x64-musl-1.10.6.tgz",
      "integrity": "sha512-LbFYsA5M9pNunOweSt6uhxenYQF94v3bHDAQRPTQ3rnjn+mK6IC7YTAYoBjvoJP8lVzcvk9hRj8wp4Jyh6Y80g==",
      "cpu": [
        "x64"
      ],
      "license": "MIT",
      "optional": true,
      "os": [
        "linux"
      ],
      "engines": {
        "node": ">= 10"
      }
    },
    "node_modules/@node-rs/crc32-wasm32-wasi": {
      "version": "1.10.6",
      "resolved": "https://registry.npmjs.org/@node-rs/crc32-wasm32-wasi/-/crc32-wasm32-wasi-1.10.6.tgz",
      "integrity": "sha512-KaejdLgHMPsRaxnM+OG9L9XdWL2TabNx80HLdsCOoX9BVhEkfh39OeahBo8lBmidylKbLGMQoGfIKDjq0YMStw==",
      "cpu": [
        "wasm32"
      ],
      "license": "MIT",
      "optional": true,
      "dependencies": {
        "@napi-rs/wasm-runtime": "^0.2.5"
      },
      "engines": {
        "node": ">=14.0.0"
      }
    },
    "node_modules/@node-rs/crc32-win32-arm64-msvc": {
      "version": "1.10.6",
      "resolved": "https://registry.npmjs.org/@node-rs/crc32-win32-arm64-msvc/-/crc32-win32-arm64-msvc-1.10.6.tgz",
      "integrity": "sha512-x50AXiSxn5Ccn+dCjLf1T7ZpdBiV1Sp5aC+H2ijhJO4alwznvXgWbopPRVhbp2nj0i+Gb6kkDUEyU+508KAdGQ==",
      "cpu": [
        "arm64"
      ],
      "license": "MIT",
      "optional": true,
      "os": [
        "win32"
      ],
      "engines": {
        "node": ">= 10"
      }
    },
    "node_modules/@node-rs/crc32-win32-ia32-msvc": {
      "version": "1.10.6",
      "resolved": "https://registry.npmjs.org/@node-rs/crc32-win32-ia32-msvc/-/crc32-win32-ia32-msvc-1.10.6.tgz",
      "integrity": "sha512-DpDxQLaErJF9l36aghe1Mx+cOnYLKYo6qVPqPL9ukJ5rAGLtCdU0C+Zoi3gs9ySm8zmbFgazq/LvmsZYU42aBw==",
      "cpu": [
        "ia32"
      ],
      "license": "MIT",
      "optional": true,
      "os": [
        "win32"
      ],
      "engines": {
        "node": ">= 10"
      }
    },
    "node_modules/@node-rs/crc32-win32-x64-msvc": {
      "version": "1.10.6",
      "resolved": "https://registry.npmjs.org/@node-rs/crc32-win32-x64-msvc/-/crc32-win32-x64-msvc-1.10.6.tgz",
      "integrity": "sha512-5B1vXosIIBw1m2Rcnw62IIfH7W9s9f7H7Ma0rRuhT8HR4Xh8QCgw6NJSI2S2MCngsGktYnAhyUvs81b7efTyQw==",
      "cpu": [
        "x64"
      ],
      "license": "MIT",
      "optional": true,
      "os": [
        "win32"
      ],
      "engines": {
        "node": ">= 10"
      }
    },
    "node_modules/@tybys/wasm-util": {
      "version": "0.9.0",
      "resolved": "https://registry.npmjs.org/@tybys/wasm-util/-/wasm-util-0.9.0.tgz",
      "integrity": "sha512-6+7nlbMVX/PVDCwaIQ8nTOPveOcFLSt8GcXdx8hD0bt39uWxYT88uXzqTd4fTvqta7oeUJqudepapKNt2DYJFw==",
      "license": "MIT",
      "optional": true,
      "dependencies": {
        "tslib": "^2.4.0"
      }
    },
    "node_modules/array-source": {
      "version": "0.0.4",
      "resolved": "https://registry.npmjs.org/array-source/-/array-source-0.0.4.tgz",
      "integrity": "sha512-frNdc+zBn80vipY+GdcJkLEbMWj3xmzArYApmUGxoiV8uAu/ygcs9icPdsGdA26h0MkHUMW6EN2piIvVx+M5Mw==",
      "license": "BSD-3-Clause"
    },
    "node_modules/commander": {
      "version": "2.20.3",
      "resolved": "https://registry.npmjs.org/commander/-/commander-2.20.3.tgz",
      "integrity": "sha512-GpVkmM8vF2vQUkj2LvZmD35JxeJOLCwJ9cUkugyk2nuhbv3+mJvpLYYt+0+USMxE+oj+ey/lJEnhZw75x/OMcQ==",
      "license": "MIT"
    },
    "node_modules/d3-array": {
      "version": "3.2.4",
      "resolved": "https://registry.npmjs.org/d3-array/-/d3-array-3.2.4.tgz",
      "integrity": "sha512-tdQAmyA18i4J7wprpYq8ClcxZy3SC31QMeByyCFyRt7BVHdREQZ5lpzoe5mFEYZUWe+oq8HBvk9JjpibyEV4Jg==",
      "license": "ISC",
      "dependencies": {
        "internmap": "1 - 2"
      },
      "engines": {
        "node": ">=12"
      }
    },
    "node_modules/d3-geo": {
      "version": "3.1.1",
      "resolved": "https://registry.npmjs.org/d3-geo/-/d3-geo-3.1.1.tgz",
      "integrity": "sha512-637ln3gXKXOwhalDzinUgY83KzNWZRKbYubaG+fGVuc/dxO64RRljtCTnf5ecMyE1RIdtqpkVcq0IbtU2S8j2Q==",
      "license": "ISC",
      "dependencies": {
        "d3-array": "2.5.0 - 3"
      },
      "engines": {
        "node": ">=12"
      }
    },
    "node_modules/define-data-property": {
      "version": "1.1.4",
      "resolved": "https://registry.npmjs.org/define-data-property/-/define-data-property-1.1.4.tgz",
      "integrity": "sha512-rBMvIzlpA8v6E+SJZoo++HAYqsLrkg7MSfIinMPFhmkorw7X+dOXVJQs+QT69zGkzMyfDnIMN2Wid1+NbL3T+A==",
      "license": "MIT",
      "dependencies": {
        "es-define-property": "^1.0.0",
        "es-errors": "^1.3.0",
        "gopd": "^1.0.1"
      },
      "engines": {
        "node": ">= 0.4"
      },
      "funding": {
        "url": "https://github.com/sponsors/ljharb"
      }
    },
    "node_modules/define-properties": {
      "version": "1.2.1",
      "resolved": "https://registry.npmjs.org/define-properties/-/define-properties-1.2.1.tgz",
      "integrity": "sha512-8QmQKqEASLd5nx0U1B1okLElbUuuttJ/AnYmRXbbbGDWh6uS208EjD4Xqq/I9wK7u0v6O08XhTWnt5XtEbR6Dg==",
      "license": "MIT",
      "dependencies": {
        "define-data-property": "^1.0.1",
        "has-property-descriptors": "^1.0.0",
        "object-keys": "^1.1.1"
      },
      "engines": {
        "node": ">= 0.4"
      },
      "funding": {
        "url": "https://github.com/sponsors/ljharb"
      }
    },
    "node_modules/es-define-property": {
      "version": "1.0.1",
      "resolved": "https://registry.npmjs.org/es-define-property/-/es-define-property-1.0.1.tgz",
      "integrity": "sha512-e3nRfgfUZ4rNGL232gUgX06QNyyez04KdjFrF+LTRoOXmrOgFKDg4BCdsjW8EnT69eqdYGmRpJwiPVYNrCaW3g==",
      "license": "MIT",
      "engines": {
        "node": ">= 0.4"
      }
    },
    "node_modules/es-errors": {
      "version": "1.3.0",
      "resolved": "https://registry.npmjs.org/es-errors/-/es-errors-1.3.0.tgz",
      "integrity": "sha512-Zf5H2Kxt2xjTvbJvP2ZWLEICxA6j+hAmMzIlypy4xcBg1vKVnx89Wy0GbS+kf5cwCVFFzdCFh2XSCFNULS6csw==",
      "license": "MIT",
      "engines": {
        "node": ">= 0.4"
      }
    },
    "node_modules/file-source": {
      "version": "0.6.1",
      "resolved": "https://registry.npmjs.org/file-source/-/file-source-0.6.1.tgz",
      "integrity": "sha512-1R1KneL7eTXmXfKxC10V/9NeGOdbsAXJ+lQ//fvvcHUgtaZcZDWNJNblxAoVOyV1cj45pOtUrR3vZTBwqcW8XA==",
      "license": "BSD-3-Clause",
      "dependencies": {
        "stream-source": "0.3"
      }
    },
    "node_modules/globalthis": {
      "version": "1.0.4",
      "resolved": "https://registry.npmjs.org/globalthis/-/globalthis-1.0.4.tgz",
      "integrity": "sha512-DpLKbNU4WylpxJykQujfCcwYWiV/Jhm50Goo0wrVILAv5jOr9d+H+UR3PhSCD2rCCEIg0uc+G+muBTwD54JhDQ==",
      "license": "MIT",
      "dependencies": {
        "define-properties": "^1.2.1",
        "gopd": "^1.0.1"
      },
      "engines": {
        "node": ">= 0.4"
      },
      "funding": {
        "url": "https://github.com/sponsors/ljharb"
      }
    },
    "node_modules/gopd": {
      "version": "1.2.0",
      "resolved": "https://registry.npmjs.org/gopd/-/gopd-1.2.0.tgz",
      "integrity": "sha512-ZUKRh6/kUFoAiTAtTYPZJ3hw9wNxx+BIBOijnlG9PnrJsCcSjs1wyyD6vJpaYtgnzDrKYRSqf3OO6Rfa93xsRg==",
      "license": "MIT",
      "engines": {
        "node": ">= 0.4"
      },
      "funding": {
        "url": "https://github.com/sponsors/ljharb"
      }
    },
    "node_modules/has-property-descriptors": {
      "version": "1.0.2",
      "resolved": "https://registry.npmjs.org/has-property-descriptors/-/has-property-descriptors-1.0.2.tgz",
      "integrity": "sha512-55JNKuIW+vq4Ke1BjOTjM2YctQIvCT7GFzHwmfZPGo5wnrgkid0YQtnAleFSqumZm4az3n2BS+erby5ipJdgrg==",
      "license": "MIT",
      "dependencies": {
        "es-define-property": "^1.0.0"
      },
      "funding": {
        "url": "https://github.com/sponsors/ljharb"
      }
    },
    "node_modules/internmap": {
      "version": "2.0.3",
      "resolved": "https://registry.npmjs.org/internmap/-/internmap-2.0.3.tgz",
      "integrity": "sha512-5Hh7Y1wQbvY5ooGgPbDaL5iYLAPzMTUrjMulskHLH6wnv/A+1q5rgEaiuqEjB+oxGXIVZs1FF+R/KPN3ZSQYYg==",
      "license": "ISC",
      "engines": {
        "node": ">=12"
      }
    },
    "node_modules/is-it-type": {
      "version": "5.1.2",
      "resolved": "https://registry.npmjs.org/is-it-type/-/is-it-type-5.1.2.tgz",
      "integrity": "sha512-q/gOZQTNYABAxaXWnBKZjTFH4yACvWEFtgVOj+LbgxYIgAJG1xVmUZOsECSrZPIemYUQvaQWVilSFVbh4Eyt8A==",
      "license": "MIT",
      "dependencies": {
        "@babel/runtime": "^7.16.7",
        "globalthis": "^1.0.2"
      },
      "engines": {
        "node": ">=12"
      }
    },
    "node_modules/object-keys": {
      "version": "1.1.1",
      "resolved": "https://registry.npmjs.org/object-keys/-/object-keys-1.1.1.tgz",
      "integrity": "sha512-NuAESUOUMrlIXOfHKzD6bpPu3tYt3xvjNdRIQ+FeT0lNb4K8WR70CaDxhuNguS2XG+GjkyMwOzsN5ZktImfhLA==",
      "license": "MIT",
      "engines": {
        "node": ">= 0.4"
      }
    },
    "node_modules/path-source": {
      "version": "0.1.3",
      "resolved": "https://registry.npmjs.org/path-source/-/path-source-0.1.3.tgz",
      "integrity": "sha512-dWRHm5mIw5kw0cs3QZLNmpUWty48f5+5v9nWD2dw3Y0Hf+s01Ag8iJEWV0Sm0kocE8kK27DrIowha03e1YR+Qw==",
      "license": "BSD-3-Clause",
      "dependencies": {
        "array-source": "0.0",
        "file-source": "0.6"
      }
    },
    "node_modules/shapefile": {
      "version": "0.6.6",
      "resolved": "https://registry.npmjs.org/shapefile/-/shapefile-0.6.6.tgz",
      "integrity": "sha512-rLGSWeK2ufzCVx05wYd+xrWnOOdSV7xNUW5/XFgx3Bc02hBkpMlrd2F1dDII7/jhWzv0MSyBFh5uJIy9hLdfuw==",
      "license": "BSD-3-Clause",
      "dependencies": {
        "array-source": "0.0",
        "commander": "2",
        "path-source": "0.1",
        "slice-source": "0.4",
        "stream-source": "0.3",
        "text-encoding": "^0.6.4"
      },
      "bin": {
        "dbf2json": "bin/dbf2json",
        "shp2json": "bin/shp2json"
      }
    },
    "node_modules/simple-invariant": {
      "version": "2.0.1",
      "resolved": "https://registry.npmjs.org/simple-invariant/-/simple-invariant-2.0.1.tgz",
      "integrity": "sha512-1sbhsxqI+I2tqlmjbz99GXNmZtr6tKIyEgGGnJw/MKGblalqk/XoOYYFJlBzTKZCxx8kLaD3FD5s9BEEjx5Pyg==",
      "license": "MIT",
      "engines": {
        "node": ">=10"
      }
    },
    "node_modules/slice-source": {
      "version": "0.4.1",
      "resolved": "https://registry.npmjs.org/slice-source/-/slice-source-0.4.1.tgz",
      "integrity": "sha512-YiuPbxpCj4hD9Qs06hGAz/OZhQ0eDuALN0lRWJez0eD/RevzKqGdUx1IOMUnXgpr+sXZLq3g8ERwbAH0bCb8vg==",
      "license": "BSD-3-Clause"
    },
    "node_modules/stream-source": {
      "version": "0.3.5",
      "resolved": "https://registry.npmjs.org/stream-source/-/stream-source-0.3.5.tgz",
      "integrity": "sha512-ZuEDP9sgjiAwUVoDModftG0JtYiLUV8K4ljYD1VyUMRWtbVf92474o4kuuul43iZ8t/hRuiDAx1dIJSvirrK/g==",
      "license": "BSD-3-Clause"
    },
    "node_modules/text-encoding": {
      "version": "0.6.4",
      "resolved": "https://registry.npmjs.org/text-encoding/-/text-encoding-0.6.4.tgz",
      "integrity": "sha512-hJnc6Qg3dWoOMkqP53F0dzRIgtmsAge09kxUIqGrEUS4qr5rWLckGYaQAVr+opBrIMRErGgy6f5aPnyPpyGRfg==",
      "deprecated": "no longer maintained",
      "license": "Unlicense"
    },
    "node_modules/tslib": {
      "version": "2.8.1",
      "resolved": "https://registry.npmjs.org/tslib/-/tslib-2.8.1.tgz",
      "integrity": "sha512-oJFu94HQb+KVduSUQL7wnpmqnfmLsOA/nAh6b6EH0wCEoK0/mPeXU6c3wKDV83MkOuHPRHtSXKKU99IBazS/2w==",
      "license": "0BSD",
      "optional": true
    },
    "node_modules/yaml": {
      "version": "2.7.1",
      "resolved": "https://registry.npmjs.org/yaml/-/yaml-2.7.1.tgz",
      "integrity": "sha512-10ULxpnOCQXxJvBgxsn9ptjq6uviG/htZKk9veJGhlqn3w/DxQ631zFF+nlQXLwmImeS5amR2dl2U8sg6U9jsQ==",
      "license": "ISC",
      "bin": {
        "yaml": "bin.mjs"
      },
      "engines": {
        "node": ">= 14"
      }
    },
    "node_modules/yauzl-promise": {
      "version": "4.0.0",
      "resolved": "https://registry.npmjs.org/yauzl-promise/-/yauzl-promise-4.0.0.tgz",
      "integrity": "sha512-/HCXpyHXJQQHvFq9noqrjfa/WpQC2XYs3vI7tBiAi4QiIU1knvYhZGaO1QPjwIVMdqflxbmwgMXtYeaRiAE0CA==",
      "license": "MIT",
      "dependencies": {
        "@node-rs/crc32": "^1.7.0",
        "is-it-type": "^5.1.2",
        "simple-invariant": "^2.0.1"
      },
      "engines": {
        "node": ">=16"
      }
    }
  }
}
