{
  "name": "mapper",
  "lockfileVersion": 3,
  "requires": true,
  "packages": {
    "": {
      "name": "mapper",
      "dependencies": {
        "d3-geo": "^3.1.0",
        "shapefile": "^0.6.6",
        "yaml": "^2.3.2",
        "yauzl-promise": "^4.0.0"
      }
    },
    "node_modules/@babel/runtime": {
      "version": "7.23.2",
      "resolved": "https://registry.npmjs.org/@babel/runtime/-/runtime-7.23.2.tgz",
      "integrity": "sha512-mM8eg4yl5D6i3lu2QKPuPH4FArvJ8KhTofbE7jwMUv9KX5mBvwPAqnV3MlyBNqdp9RyRKP6Yck8TrfYrPvX3bg==",
      "dependencies": {
        "regenerator-runtime": "^0.14.0"
      },
      "engines": {
        "node": ">=6.9.0"
      }
    },
    "node_modules/@node-rs/crc32": {
      "version": "1.7.2",
      "resolved": "https://registry.npmjs.org/@node-rs/crc32/-/crc32-1.7.2.tgz",
      "integrity": "sha512-SmWxRftq+zYSv4qfhdFHM8ruBqY8eVTnIs43dFUWAyD0x6a7LpzNd8KHWqKxlaly8QGpGxBv2Dol/3gs5DeknA==",
      "engines": {
        "node": ">= 10"
      },
      "funding": {
        "type": "github",
        "url": "https://github.com/sponsors/Brooooooklyn"
      },
      "optionalDependencies": {
        "@node-rs/crc32-android-arm-eabi": "1.7.2",
        "@node-rs/crc32-android-arm64": "1.7.2",
        "@node-rs/crc32-darwin-arm64": "1.7.2",
        "@node-rs/crc32-darwin-x64": "1.7.2",
        "@node-rs/crc32-freebsd-x64": "1.7.2",
        "@node-rs/crc32-linux-arm-gnueabihf": "1.7.2",
        "@node-rs/crc32-linux-arm64-gnu": "1.7.2",
        "@node-rs/crc32-linux-arm64-musl": "1.7.2",
        "@node-rs/crc32-linux-x64-gnu": "1.7.2",
        "@node-rs/crc32-linux-x64-musl": "1.7.2",
        "@node-rs/crc32-win32-arm64-msvc": "1.7.2",
        "@node-rs/crc32-win32-ia32-msvc": "1.7.2",
        "@node-rs/crc32-win32-x64-msvc": "1.7.2"
      }
    },
    "node_modules/@node-rs/crc32-android-arm-eabi": {
      "version": "1.7.2",
      "resolved": "https://registry.npmjs.org/@node-rs/crc32-android-arm-eabi/-/crc32-android-arm-eabi-1.7.2.tgz",
      "integrity": "sha512-6IoXQTHt9U/1Ejz/MPbAk3mtcAGcS1WUvg2YfEtezLCmzbDpQO3OTA9fZpu3z2AhBuLHiKMKDVcfrWybRiWBJw==",
      "cpu": [
        "arm"
      ],
      "optional": true,
      "os": [
        "android"
      ],
      "engines": {
        "node": ">= 10"
      }
    },
    "node_modules/@node-rs/crc32-android-arm64": {
      "version": "1.7.2",
      "resolved": "https://registry.npmjs.org/@node-rs/crc32-android-arm64/-/crc32-android-arm64-1.7.2.tgz",
      "integrity": "sha512-SMEd6cN+034LTv9kFmCGMZjBNTf39xXIcgqq05JM9A55ywUvXdoXnFOttrQ9x/iZgqANNU6Ms5uZCAJbNA2dZA==",
      "cpu": [
        "arm64"
      ],
      "optional": true,
      "os": [
        "android"
      ],
      "engines": {
        "node": ">= 10"
      }
    },
    "node_modules/@node-rs/crc32-darwin-arm64": {
      "version": "1.7.2",
      "resolved": "https://registry.npmjs.org/@node-rs/crc32-darwin-arm64/-/crc32-darwin-arm64-1.7.2.tgz",
      "integrity": "sha512-sPJisK5pyZ+iBs9KuGsvu0Z+Qshw4GvOgaHjPktQ+suz0p00Yts3zl5D6PpGaaW4EAKTo8zCUIlVEArV0vglvw==",
      "cpu": [
        "arm64"
      ],
      "optional": true,
      "os": [
        "darwin"
      ],
      "engines": {
        "node": ">= 10"
      }
    },
    "node_modules/@node-rs/crc32-darwin-x64": {
      "version": "1.7.2",
      "resolved": "https://registry.npmjs.org/@node-rs/crc32-darwin-x64/-/crc32-darwin-x64-1.7.2.tgz",
      "integrity": "sha512-+/lgHYJaZdXU+7fhGYTnXvGkeSqZE3UwPyKAUO5YSL0nIpFHMybZMnvqjcoxrfx0QfMFOwVEbd7vfVh+1GpwhA==",
      "cpu": [
        "x64"
      ],
      "optional": true,
      "os": [
        "darwin"
      ],
      "engines": {
        "node": ">= 10"
      }
    },
    "node_modules/@node-rs/crc32-freebsd-x64": {
      "version": "1.7.2",
      "resolved": "https://registry.npmjs.org/@node-rs/crc32-freebsd-x64/-/crc32-freebsd-x64-1.7.2.tgz",
      "integrity": "sha512-OgkxnkiGdztcBilm7m31Sb6zx89ghK4WpZz9WVVU86PIHQH0sfrZEebdomw6R7mMnQuqbnRwjTS5r1nchVMPzQ==",
      "cpu": [
        "x64"
      ],
      "optional": true,
      "os": [
        "freebsd"
      ],
      "engines": {
        "node": ">= 10"
      }
    },
    "node_modules/@node-rs/crc32-linux-arm-gnueabihf": {
      "version": "1.7.2",
      "resolved": "https://registry.npmjs.org/@node-rs/crc32-linux-arm-gnueabihf/-/crc32-linux-arm-gnueabihf-1.7.2.tgz",
      "integrity": "sha512-hTY83MQML8WrMnD3dmzjrcCn0Sqgw0w2wRc1Ji2dCaE0fDqra47W5KBQXx4hKZYFwNr5KreTqdvD3Ejf/mKzEA==",
      "cpu": [
        "arm"
      ],
      "optional": true,
      "os": [
        "linux"
      ],
      "engines": {
        "node": ">= 10"
      }
    },
    "node_modules/@node-rs/crc32-linux-arm64-gnu": {
      "version": "1.7.2",
      "resolved": "https://registry.npmjs.org/@node-rs/crc32-linux-arm64-gnu/-/crc32-linux-arm64-gnu-1.7.2.tgz",
      "integrity": "sha512-4p6DZ9YT+CBSi+72OclzI5hBin15brqrbLLHFePPl4AhAazg6+ReTv3C4DnyJqyL0ZHZamiA9zDtOlvHo0nk0Q==",
      "cpu": [
        "arm64"
      ],
      "optional": true,
      "os": [
        "linux"
      ],
      "engines": {
        "node": ">= 10"
      }
    },
    "node_modules/@node-rs/crc32-linux-arm64-musl": {
      "version": "1.7.2",
      "resolved": "https://registry.npmjs.org/@node-rs/crc32-linux-arm64-musl/-/crc32-linux-arm64-musl-1.7.2.tgz",
      "integrity": "sha512-/shZkkNyDyDjaxU5rYFY4aoajLjBqdfKQYZCcA6XS27FiGzHQ3petgP0I5Zjm+Jf75G7gLT8NQXiQWIzkgo2xw==",
      "cpu": [
        "arm64"
      ],
      "optional": true,
      "os": [
        "linux"
      ],
      "engines": {
        "node": ">= 10"
      }
    },
    "node_modules/@node-rs/crc32-linux-x64-gnu": {
      "version": "1.7.2",
      "resolved": "https://registry.npmjs.org/@node-rs/crc32-linux-x64-gnu/-/crc32-linux-x64-gnu-1.7.2.tgz",
      "integrity": "sha512-rzoqXqPLjx5sx8jzEg/xRAdBDkjnaM+D3Nrm9xJckHWzeeUB0FC0E4QGrdtqFo15lQ1GDVV/q6n93mLSK5vCkQ==",
      "cpu": [
        "x64"
      ],
      "optional": true,
      "os": [
        "linux"
      ],
      "engines": {
        "node": ">= 10"
      }
    },
    "node_modules/@node-rs/crc32-linux-x64-musl": {
      "version": "1.7.2",
      "resolved": "https://registry.npmjs.org/@node-rs/crc32-linux-x64-musl/-/crc32-linux-x64-musl-1.7.2.tgz",
      "integrity": "sha512-Hwim1Wc8LoNqG53qX8Dm3VY32ClbKWpdi9pkbJU4/aG5RFUfd3k/x9WSeATlBx+K36Tc1XsrWvbsf1eWwryEYA==",
      "cpu": [
        "x64"
      ],
      "optional": true,
      "os": [
        "linux"
      ],
      "engines": {
        "node": ">= 10"
      }
    },
    "node_modules/@node-rs/crc32-win32-arm64-msvc": {
      "version": "1.7.2",
      "resolved": "https://registry.npmjs.org/@node-rs/crc32-win32-arm64-msvc/-/crc32-win32-arm64-msvc-1.7.2.tgz",
      "integrity": "sha512-vj+HWzwy86wNBY+1vW+QPje/MrJppufGCYIisFwvghBzk6WtClNGEjbQqotieIxDNohcmHREQEeg8wY8PMCvew==",
      "cpu": [
        "arm64"
      ],
      "optional": true,
      "os": [
        "win32"
      ],
      "engines": {
        "node": ">= 10"
      }
    },
    "node_modules/@node-rs/crc32-win32-ia32-msvc": {
      "version": "1.7.2",
      "resolved": "https://registry.npmjs.org/@node-rs/crc32-win32-ia32-msvc/-/crc32-win32-ia32-msvc-1.7.2.tgz",
      "integrity": "sha512-YQQtPkHvqbMEJmaMzEH3diYHk0q9zWb+Tkzij9d4OZZzpt4HM6j8FuiIB37BJ0CQmgMiDZEBYsX3KOfYxxO0VA==",
      "cpu": [
        "ia32"
      ],
      "optional": true,
      "os": [
        "win32"
      ],
      "engines": {
        "node": ">= 10"
      }
    },
    "node_modules/@node-rs/crc32-win32-x64-msvc": {
      "version": "1.7.2",
      "resolved": "https://registry.npmjs.org/@node-rs/crc32-win32-x64-msvc/-/crc32-win32-x64-msvc-1.7.2.tgz",
      "integrity": "sha512-DnluAFM6X8qsYVI1VaFQtI6ukigIQ2P4eVcEuNQ3d1lF5fs0RYAKY7Ajqrdk298TSGZ2joMiqfJksTHBsQoxtA==",
      "cpu": [
        "x64"
      ],
      "optional": true,
      "os": [
        "win32"
      ],
      "engines": {
        "node": ">= 10"
      }
    },
    "node_modules/array-source": {
      "version": "0.0.4",
      "resolved": "https://registry.npmjs.org/array-source/-/array-source-0.0.4.tgz",
      "integrity": "sha512-frNdc+zBn80vipY+GdcJkLEbMWj3xmzArYApmUGxoiV8uAu/ygcs9icPdsGdA26h0MkHUMW6EN2piIvVx+M5Mw=="
    },
    "node_modules/commander": {
      "version": "2.20.3",
      "resolved": "https://registry.npmjs.org/commander/-/commander-2.20.3.tgz",
      "integrity": "sha512-GpVkmM8vF2vQUkj2LvZmD35JxeJOLCwJ9cUkugyk2nuhbv3+mJvpLYYt+0+USMxE+oj+ey/lJEnhZw75x/OMcQ=="
    },
    "node_modules/d3-array": {
      "version": "3.2.4",
      "resolved": "https://registry.npmjs.org/d3-array/-/d3-array-3.2.4.tgz",
      "integrity": "sha512-tdQAmyA18i4J7wprpYq8ClcxZy3SC31QMeByyCFyRt7BVHdREQZ5lpzoe5mFEYZUWe+oq8HBvk9JjpibyEV4Jg==",
      "dependencies": {
        "internmap": "1 - 2"
      },
      "engines": {
        "node": ">=12"
      }
    },
    "node_modules/d3-geo": {
      "version": "3.1.0",
      "resolved": "https://registry.npmjs.org/d3-geo/-/d3-geo-3.1.0.tgz",
      "integrity": "sha512-JEo5HxXDdDYXCaWdwLRt79y7giK8SbhZJbFWXqbRTolCHFI5jRqteLzCsq51NKbUoX0PjBVSohxrx+NoOUujYA==",
      "dependencies": {
        "d3-array": "2.5.0 - 3"
      },
      "engines": {
        "node": ">=12"
      }
    },
    "node_modules/define-data-property": {
      "version": "1.1.1",
      "resolved": "https://registry.npmjs.org/define-data-property/-/define-data-property-1.1.1.tgz",
      "integrity": "sha512-E7uGkTzkk1d0ByLeSc6ZsFS79Axg+m1P/VsgYsxHgiuc3tFSj+MjMIwe90FC4lOAZzNBdY7kkO2P2wKdsQ1vgQ==",
      "dependencies": {
        "get-intrinsic": "^1.2.1",
        "gopd": "^1.0.1",
        "has-property-descriptors": "^1.0.0"
      },
      "engines": {
        "node": ">= 0.4"
      }
    },
    "node_modules/define-properties": {
      "version": "1.2.1",
      "resolved": "https://registry.npmjs.org/define-properties/-/define-properties-1.2.1.tgz",
      "integrity": "sha512-8QmQKqEASLd5nx0U1B1okLElbUuuttJ/AnYmRXbbbGDWh6uS208EjD4Xqq/I9wK7u0v6O08XhTWnt5XtEbR6Dg==",
      "dependencies": {
        "define-data-property": "^1.0.1",
        "has-property-descriptors": "^1.0.0",
        "object-keys": "^1.1.1"
      },
      "engines": {
        "node": ">= 0.4"
      },
      "funding": {
        "url": "https://github.com/sponsors/ljharb"
      }
    },
    "node_modules/file-source": {
      "version": "0.6.1",
      "resolved": "https://registry.npmjs.org/file-source/-/file-source-0.6.1.tgz",
      "integrity": "sha512-1R1KneL7eTXmXfKxC10V/9NeGOdbsAXJ+lQ//fvvcHUgtaZcZDWNJNblxAoVOyV1cj45pOtUrR3vZTBwqcW8XA==",
      "dependencies": {
        "stream-source": "0.3"
      }
    },
    "node_modules/function-bind": {
      "version": "1.1.2",
      "resolved": "https://registry.npmjs.org/function-bind/-/function-bind-1.1.2.tgz",
      "integrity": "sha512-7XHNxH7qX9xG5mIwxkhumTox/MIRNcOgDrxWsMt2pAr23WHp6MrRlN7FBSFpCpr+oVO0F744iUgR82nJMfG2SA==",
      "funding": {
        "url": "https://github.com/sponsors/ljharb"
      }
    },
    "node_modules/get-intrinsic": {
      "version": "1.2.2",
      "resolved": "https://registry.npmjs.org/get-intrinsic/-/get-intrinsic-1.2.2.tgz",
      "integrity": "sha512-0gSo4ml/0j98Y3lngkFEot/zhiCeWsbYIlZ+uZOVgzLyLaUw7wxUL+nCTP0XJvJg1AXulJRI3UJi8GsbDuxdGA==",
      "dependencies": {
        "function-bind": "^1.1.2",
        "has-proto": "^1.0.1",
        "has-symbols": "^1.0.3",
        "hasown": "^2.0.0"
      },
      "funding": {
        "url": "https://github.com/sponsors/ljharb"
      }
    },
    "node_modules/globalthis": {
      "version": "1.0.3",
      "resolved": "https://registry.npmjs.org/globalthis/-/globalthis-1.0.3.tgz",
      "integrity": "sha512-sFdI5LyBiNTHjRd7cGPWapiHWMOXKyuBNX/cWJ3NfzrZQVa8GI/8cofCl74AOVqq9W5kNmguTIzJ/1s2gyI9wA==",
      "dependencies": {
        "define-properties": "^1.1.3"
      },
      "engines": {
        "node": ">= 0.4"
      },
      "funding": {
        "url": "https://github.com/sponsors/ljharb"
      }
    },
    "node_modules/gopd": {
      "version": "1.0.1",
      "resolved": "https://registry.npmjs.org/gopd/-/gopd-1.0.1.tgz",
      "integrity": "sha512-d65bNlIadxvpb/A2abVdlqKqV563juRnZ1Wtk6s1sIR8uNsXR70xqIzVqxVf1eTqDunwT2MkczEeaezCKTZhwA==",
      "dependencies": {
        "get-intrinsic": "^1.1.3"
      },
      "funding": {
        "url": "https://github.com/sponsors/ljharb"
      }
    },
    "node_modules/has-property-descriptors": {
      "version": "1.0.1",
      "resolved": "https://registry.npmjs.org/has-property-descriptors/-/has-property-descriptors-1.0.1.tgz",
      "integrity": "sha512-VsX8eaIewvas0xnvinAe9bw4WfIeODpGYikiWYLH+dma0Jw6KHYqWiWfhQlgOVK8D6PvjubK5Uc4P0iIhIcNVg==",
      "dependencies": {
        "get-intrinsic": "^1.2.2"
      },
      "funding": {
        "url": "https://github.com/sponsors/ljharb"
      }
    },
    "node_modules/has-proto": {
      "version": "1.0.1",
      "resolved": "https://registry.npmjs.org/has-proto/-/has-proto-1.0.1.tgz",
      "integrity": "sha512-7qE+iP+O+bgF9clE5+UoBFzE65mlBiVj3tKCrlNQ0Ogwm0BjpT/gK4SlLYDMybDh5I3TCTKnPPa0oMG7JDYrhg==",
      "engines": {
        "node": ">= 0.4"
      },
      "funding": {
        "url": "https://github.com/sponsors/ljharb"
      }
    },
    "node_modules/has-symbols": {
      "version": "1.0.3",
      "resolved": "https://registry.npmjs.org/has-symbols/-/has-symbols-1.0.3.tgz",
      "integrity": "sha512-l3LCuF6MgDNwTDKkdYGEihYjt5pRPbEg46rtlmnSPlUbgmB8LOIrKJbYYFBSbnPaJexMKtiPO8hmeRjRz2Td+A==",
      "engines": {
        "node": ">= 0.4"
      },
      "funding": {
        "url": "https://github.com/sponsors/ljharb"
      }
    },
    "node_modules/hasown": {
      "version": "2.0.0",
      "resolved": "https://registry.npmjs.org/hasown/-/hasown-2.0.0.tgz",
      "integrity": "sha512-vUptKVTpIJhcczKBbgnS+RtcuYMB8+oNzPK2/Hp3hanz8JmpATdmmgLgSaadVREkDm+e2giHwY3ZRkyjSIDDFA==",
      "dependencies": {
        "function-bind": "^1.1.2"
      },
      "engines": {
        "node": ">= 0.4"
      }
    },
    "node_modules/internmap": {
      "version": "2.0.3",
      "resolved": "https://registry.npmjs.org/internmap/-/internmap-2.0.3.tgz",
      "integrity": "sha512-5Hh7Y1wQbvY5ooGgPbDaL5iYLAPzMTUrjMulskHLH6wnv/A+1q5rgEaiuqEjB+oxGXIVZs1FF+R/KPN3ZSQYYg==",
      "engines": {
        "node": ">=12"
      }
    },
    "node_modules/is-it-type": {
      "version": "5.1.2",
      "resolved": "https://registry.npmjs.org/is-it-type/-/is-it-type-5.1.2.tgz",
      "integrity": "sha512-q/gOZQTNYABAxaXWnBKZjTFH4yACvWEFtgVOj+LbgxYIgAJG1xVmUZOsECSrZPIemYUQvaQWVilSFVbh4Eyt8A==",
      "dependencies": {
        "@babel/runtime": "^7.16.7",
        "globalthis": "^1.0.2"
      },
      "engines": {
        "node": ">=12"
      }
    },
    "node_modules/object-keys": {
      "version": "1.1.1",
      "resolved": "https://registry.npmjs.org/object-keys/-/object-keys-1.1.1.tgz",
      "integrity": "sha512-NuAESUOUMrlIXOfHKzD6bpPu3tYt3xvjNdRIQ+FeT0lNb4K8WR70CaDxhuNguS2XG+GjkyMwOzsN5ZktImfhLA==",
      "engines": {
        "node": ">= 0.4"
      }
    },
    "node_modules/path-source": {
      "version": "0.1.3",
      "resolved": "https://registry.npmjs.org/path-source/-/path-source-0.1.3.tgz",
      "integrity": "sha512-dWRHm5mIw5kw0cs3QZLNmpUWty48f5+5v9nWD2dw3Y0Hf+s01Ag8iJEWV0Sm0kocE8kK27DrIowha03e1YR+Qw==",
      "dependencies": {
        "array-source": "0.0",
        "file-source": "0.6"
      }
    },
    "node_modules/regenerator-runtime": {
      "version": "0.14.0",
      "resolved": "https://registry.npmjs.org/regenerator-runtime/-/regenerator-runtime-0.14.0.tgz",
      "integrity": "sha512-srw17NI0TUWHuGa5CFGGmhfNIeja30WMBfbslPNhf6JrqQlLN5gcrvig1oqPxiVaXb0oW0XRKtH6Nngs5lKCIA=="
    },
    "node_modules/shapefile": {
      "version": "0.6.6",
      "resolved": "https://registry.npmjs.org/shapefile/-/shapefile-0.6.6.tgz",
      "integrity": "sha512-rLGSWeK2ufzCVx05wYd+xrWnOOdSV7xNUW5/XFgx3Bc02hBkpMlrd2F1dDII7/jhWzv0MSyBFh5uJIy9hLdfuw==",
      "dependencies": {
        "array-source": "0.0",
        "commander": "2",
        "path-source": "0.1",
        "slice-source": "0.4",
        "stream-source": "0.3",
        "text-encoding": "^0.6.4"
      },
      "bin": {
        "dbf2json": "bin/dbf2json",
        "shp2json": "bin/shp2json"
      }
    },
    "node_modules/simple-invariant": {
      "version": "2.0.1",
      "resolved": "https://registry.npmjs.org/simple-invariant/-/simple-invariant-2.0.1.tgz",
      "integrity": "sha512-1sbhsxqI+I2tqlmjbz99GXNmZtr6tKIyEgGGnJw/MKGblalqk/XoOYYFJlBzTKZCxx8kLaD3FD5s9BEEjx5Pyg==",
      "engines": {
        "node": ">=10"
      }
    },
    "node_modules/slice-source": {
      "version": "0.4.1",
      "resolved": "https://registry.npmjs.org/slice-source/-/slice-source-0.4.1.tgz",
      "integrity": "sha512-YiuPbxpCj4hD9Qs06hGAz/OZhQ0eDuALN0lRWJez0eD/RevzKqGdUx1IOMUnXgpr+sXZLq3g8ERwbAH0bCb8vg=="
    },
    "node_modules/stream-source": {
      "version": "0.3.5",
      "resolved": "https://registry.npmjs.org/stream-source/-/stream-source-0.3.5.tgz",
      "integrity": "sha512-ZuEDP9sgjiAwUVoDModftG0JtYiLUV8K4ljYD1VyUMRWtbVf92474o4kuuul43iZ8t/hRuiDAx1dIJSvirrK/g=="
    },
    "node_modules/text-encoding": {
      "version": "0.6.4",
      "resolved": "https://registry.npmjs.org/text-encoding/-/text-encoding-0.6.4.tgz",
      "integrity": "sha512-hJnc6Qg3dWoOMkqP53F0dzRIgtmsAge09kxUIqGrEUS4qr5rWLckGYaQAVr+opBrIMRErGgy6f5aPnyPpyGRfg==",
      "deprecated": "no longer maintained"
    },
    "node_modules/yaml": {
      "version": "2.3.3",
      "resolved": "https://registry.npmjs.org/yaml/-/yaml-2.3.3.tgz",
      "integrity": "sha512-zw0VAJxgeZ6+++/su5AFoqBbZbrEakwu+X0M5HmcwUiBL7AzcuPKjj5we4xfQLp78LkEMpD0cOnUhmgOVy3KdQ==",
      "engines": {
        "node": ">= 14"
      }
    },
    "node_modules/yauzl-promise": {
      "version": "4.0.0",
      "resolved": "https://registry.npmjs.org/yauzl-promise/-/yauzl-promise-4.0.0.tgz",
      "integrity": "sha512-/HCXpyHXJQQHvFq9noqrjfa/WpQC2XYs3vI7tBiAi4QiIU1knvYhZGaO1QPjwIVMdqflxbmwgMXtYeaRiAE0CA==",
      "dependencies": {
        "@node-rs/crc32": "^1.7.0",
        "is-it-type": "^5.1.2",
        "simple-invariant": "^2.0.1"
      },
      "engines": {
        "node": ">=16"
      }
    }
  }
}
